// !$*UTF8*$!
{
	archiveVersion = 1;
	classes = {
	};
	objectVersion = 50;
	objects = {

/* Begin PBXBuildFile section */
		7E09923120B15B7C00AB7C71 /* AppDelegate.swift in Sources */ = {isa = PBXBuildFile; fileRef = 7E09923020B15B7C00AB7C71 /* AppDelegate.swift */; };
		7E09923320B15B7C00AB7C71 /* ViewController.swift in Sources */ = {isa = PBXBuildFile; fileRef = 7E09923220B15B7C00AB7C71 /* ViewController.swift */; };
		7E09923620B15B7C00AB7C71 /* Main.storyboard in Resources */ = {isa = PBXBuildFile; fileRef = 7E09923420B15B7C00AB7C71 /* Main.storyboard */; };
		7E09923820B15B7D00AB7C71 /* Assets.xcassets in Resources */ = {isa = PBXBuildFile; fileRef = 7E09923720B15B7D00AB7C71 /* Assets.xcassets */; };
		7E09923B20B15B7D00AB7C71 /* LaunchScreen.storyboard in Resources */ = {isa = PBXBuildFile; fileRef = 7E09923920B15B7D00AB7C71 /* LaunchScreen.storyboard */; };
		7E09924620B15B7D00AB7C71 /* GlassNavigationBarTests.swift in Sources */ = {isa = PBXBuildFile; fileRef = 7E09924520B15B7D00AB7C71 /* GlassNavigationBarTests.swift */; };
/* End PBXBuildFile section */

/* Begin PBXContainerItemProxy section */
		7E09924220B15B7D00AB7C71 /* PBXContainerItemProxy */ = {
			isa = PBXContainerItemProxy;
			containerPortal = 7E09922520B15B7C00AB7C71 /* Project object */;
			proxyType = 1;
			remoteGlobalIDString = 7E09922C20B15B7C00AB7C71;
			remoteInfo = GlassNavigationBar;
		};
/* End PBXContainerItemProxy section */

/* Begin PBXFileReference section */
		7E09922D20B15B7C00AB7C71 /* GlassNavigationBar.app */ = {isa = PBXFileReference; explicitFileType = wrapper.application; includeInIndex = 0; path = GlassNavigationBar.app; sourceTree = BUILT_PRODUCTS_DIR; };
		7E09923020B15B7C00AB7C71 /* AppDelegate.swift */ = {isa = PBXFileReference; lastKnownFileType = sourcecode.swift; path = AppDelegate.swift; sourceTree = "<group>"; };
		7E09923220B15B7C00AB7C71 /* ViewController.swift */ = {isa = PBXFileReference; lastKnownFileType = sourcecode.swift; path = ViewController.swift; sourceTree = "<group>"; };
		7E09923520B15B7C00AB7C71 /* Base */ = {isa = PBXFileReference; lastKnownFileType = file.storyboard; name = Base; path = Base.lproj/Main.storyboard; sourceTree = "<group>"; };
		7E09923720B15B7D00AB7C71 /* Assets.xcassets */ = {isa = PBXFileReference; lastKnownFileType = folder.assetcatalog; path = Assets.xcassets; sourceTree = "<group>"; };
		7E09923A20B15B7D00AB7C71 /* Base */ = {isa = PBXFileReference; lastKnownFileType = file.storyboard; name = Base; path = Base.lproj/LaunchScreen.storyboard; sourceTree = "<group>"; };
		7E09923C20B15B7D00AB7C71 /* Info.plist */ = {isa = PBXFileReference; lastKnownFileType = text.plist.xml; path = Info.plist; sourceTree = "<group>"; };
		7E09924120B15B7D00AB7C71 /* GlassNavigationBarTests.xctest */ = {isa = PBXFileReference; explicitFileType = wrapper.cfbundle; includeInIndex = 0; path = GlassNavigationBarTests.xctest; sourceTree = BUILT_PRODUCTS_DIR; };
		7E09924520B15B7D00AB7C71 /* GlassNavigationBarTests.swift */ = {isa = PBXFileReference; lastKnownFileType = sourcecode.swift; path = GlassNavigationBarTests.swift; sourceTree = "<group>"; };
		7E09924720B15B7D00AB7C71 /* Info.plist */ = {isa = PBXFileReference; lastKnownFileType = text.plist.xml; path = Info.plist; sourceTree = "<group>"; };
		7E09925020B15B9D00AB7C71 /* README.md */ = {isa = PBXFileReference; lastKnownFileType = net.daringfireball.markdown; path = README.md; sourceTree = "<group>"; };
/* End PBXFileReference section */

/* Begin PBXFrameworksBuildPhase section */
		7E09922A20B15B7C00AB7C71 /* Frameworks */ = {
			isa = PBXFrameworksBuildPhase;
			buildActionMask = 2147483647;
			files = (
			);
			runOnlyForDeploymentPostprocessing = 0;
		};
		7E09923E20B15B7D00AB7C71 /* Frameworks */ = {
			isa = PBXFrameworksBuildPhase;
			buildActionMask = 2147483647;
			files = (
			);
			runOnlyForDeploymentPostprocessing = 0;
		};
/* End PBXFrameworksBuildPhase section */

/* Begin PBXGroup section */
		7E09922420B15B7C00AB7C71 = {
			isa = PBXGroup;
			children = (
				7E09925020B15B9D00AB7C71 /* README.md */,
				7E09922F20B15B7C00AB7C71 /* GlassNavigationBar */,
				7E09924420B15B7D00AB7C71 /* GlassNavigationBarTests */,
				7E09922E20B15B7C00AB7C71 /* Products */,
			);
			sourceTree = "<group>";
		};
		7E09922E20B15B7C00AB7C71 /* Products */ = {
			isa = PBXGroup;
			children = (
				7E09922D20B15B7C00AB7C71 /* GlassNavigationBar.app */,
				7E09924120B15B7D00AB7C71 /* GlassNavigationBarTests.xctest */,
			);
			name = Products;
			sourceTree = "<group>";
		};
		7E09922F20B15B7C00AB7C71 /* GlassNavigationBar */ = {
			isa = PBXGroup;
			children = (
				7E09923020B15B7C00AB7C71 /* AppDelegate.swift */,
				7E09923220B15B7C00AB7C71 /* ViewController.swift */,
				7E09923420B15B7C00AB7C71 /* Main.storyboard */,
				7E09923720B15B7D00AB7C71 /* Assets.xcassets */,
				7E09923920B15B7D00AB7C71 /* LaunchScreen.storyboard */,
				7E09923C20B15B7D00AB7C71 /* Info.plist */,
			);
			path = GlassNavigationBar;
			sourceTree = "<group>";
		};
		7E09924420B15B7D00AB7C71 /* GlassNavigationBarTests */ = {
			isa = PBXGroup;
			children = (
				7E09924520B15B7D00AB7C71 /* GlassNavigationBarTests.swift */,
				7E09924720B15B7D00AB7C71 /* Info.plist */,
			);
			path = GlassNavigationBarTests;
			sourceTree = "<group>";
		};
/* End PBXGroup section */

/* Begin PBXNativeTarget section */
		7E09922C20B15B7C00AB7C71 /* GlassNavigationBar */ = {
			isa = PBXNativeTarget;
			buildConfigurationList = 7E09924A20B15B7D00AB7C71 /* Build configuration list for PBXNativeTarget "GlassNavigationBar" */;
			buildPhases = (
				7E09922920B15B7C00AB7C71 /* Sources */,
				7E09922A20B15B7C00AB7C71 /* Frameworks */,
				7E09922B20B15B7C00AB7C71 /* Resources */,
			);
			buildRules = (
			);
			dependencies = (
			);
			name = GlassNavigationBar;
			productName = GlassNavigationBar;
			productReference = 7E09922D20B15B7C00AB7C71 /* GlassNavigationBar.app */;
			productType = "com.apple.product-type.application";
		};
		7E09924020B15B7D00AB7C71 /* GlassNavigationBarTests */ = {
			isa = PBXNativeTarget;
			buildConfigurationList = 7E09924D20B15B7D00AB7C71 /* Build configuration list for PBXNativeTarget "GlassNavigationBarTests" */;
			buildPhases = (
				7E09923D20B15B7D00AB7C71 /* Sources */,
				7E09923E20B15B7D00AB7C71 /* Frameworks */,
				7E09923F20B15B7D00AB7C71 /* Resources */,
			);
			buildRules = (
			);
			dependencies = (
				7E09924320B15B7D00AB7C71 /* PBXTargetDependency */,
			);
			name = GlassNavigationBarTests;
			productName = GlassNavigationBarTests;
			productReference = 7E09924120B15B7D00AB7C71 /* GlassNavigationBarTests.xctest */;
			productType = "com.apple.product-type.bundle.unit-test";
		};
/* End PBXNativeTarget section */

/* Begin PBXProject section */
		7E09922520B15B7C00AB7C71 /* Project object */ = {
			isa = PBXProject;
			attributes = {
				LastSwiftUpdateCheck = 0930;
				LastUpgradeCheck = 0930;
				ORGANIZATIONNAME = "홍창남";
				TargetAttributes = {
					7E09922C20B15B7C00AB7C71 = {
						CreatedOnToolsVersion = 9.3.1;
					};
					7E09924020B15B7D00AB7C71 = {
						CreatedOnToolsVersion = 9.3.1;
						TestTargetID = 7E09922C20B15B7C00AB7C71;
					};
				};
			};
			buildConfigurationList = 7E09922820B15B7C00AB7C71 /* Build configuration list for PBXProject "GlassNavigationBar" */;
			compatibilityVersion = "Xcode 9.3";
			developmentRegion = en;
			hasScannedForEncodings = 0;
			knownRegions = (
				en,
				Base,
			);
			mainGroup = 7E09922420B15B7C00AB7C71;
			productRefGroup = 7E09922E20B15B7C00AB7C71 /* Products */;
			projectDirPath = "";
			projectRoot = "";
			targets = (
				7E09922C20B15B7C00AB7C71 /* GlassNavigationBar */,
				7E09924020B15B7D00AB7C71 /* GlassNavigationBarTests */,
			);
		};
/* End PBXProject section */

/* Begin PBXResourcesBuildPhase section */
		7E09922B20B15B7C00AB7C71 /* Resources */ = {
			isa = PBXResourcesBuildPhase;
			buildActionMask = 2147483647;
			files = (
				7E09923B20B15B7D00AB7C71 /* LaunchScreen.storyboard in Resources */,
				7E09923820B15B7D00AB7C71 /* Assets.xcassets in Resources */,
				7E09923620B15B7C00AB7C71 /* Main.storyboard in Resources */,
			);
			runOnlyForDeploymentPostprocessing = 0;
		};
		7E09923F20B15B7D00AB7C71 /* Resources */ = {
			isa = PBXResourcesBuildPhase;
			buildActionMask = 2147483647;
			files = (
			);
			runOnlyForDeploymentPostprocessing = 0;
		};
/* End PBXResourcesBuildPhase section */

/* Begin PBXSourcesBuildPhase section */
		7E09922920B15B7C00AB7C71 /* Sources */ = {
			isa = PBXSourcesBuildPhase;
			buildActionMask = 2147483647;
			files = (
				7E09923320B15B7C00AB7C71 /* ViewController.swift in Sources */,
				7E09923120B15B7C00AB7C71 /* AppDelegate.swift in Sources */,
			);
			runOnlyForDeploymentPostprocessing = 0;
		};
		7E09923D20B15B7D00AB7C71 /* Sources */ = {
			isa = PBXSourcesBuildPhase;
			buildActionMask = 2147483647;
			files = (
				7E09924620B15B7D00AB7C71 /* GlassNavigationBarTests.swift in Sources */,
			);
			runOnlyForDeploymentPostprocessing = 0;
		};
/* End PBXSourcesBuildPhase section */

/* Begin PBXTargetDependency section */
		7E09924320B15B7D00AB7C71 /* PBXTargetDependency */ = {
			isa = PBXTargetDependency;
			target = 7E09922C20B15B7C00AB7C71 /* GlassNavigationBar */;
			targetProxy = 7E09924220B15B7D00AB7C71 /* PBXContainerItemProxy */;
		};
/* End PBXTargetDependency section */

/* Begin PBXVariantGroup section */
		7E09923420B15B7C00AB7C71 /* Main.storyboard */ = {
			isa = PBXVariantGroup;
			children = (
				7E09923520B15B7C00AB7C71 /* Base */,
			);
			name = Main.storyboard;
			sourceTree = "<group>";
		};
		7E09923920B15B7D00AB7C71 /* LaunchScreen.storyboard */ = {
			isa = PBXVariantGroup;
			children = (
				7E09923A20B15B7D00AB7C71 /* Base */,
			);
			name = LaunchScreen.storyboard;
			sourceTree = "<group>";
		};
/* End PBXVariantGroup section */

/* Begin XCBuildConfiguration section */
		7E09924820B15B7D00AB7C71 /* Debug */ = {
			isa = XCBuildConfiguration;
			buildSettings = {
				ALWAYS_SEARCH_USER_PATHS = NO;
				CLANG_ANALYZER_NONNULL = YES;
				CLANG_ANALYZER_NUMBER_OBJECT_CONVERSION = YES_AGGRESSIVE;
				CLANG_CXX_LANGUAGE_STANDARD = "gnu++14";
				CLANG_CXX_LIBRARY = "libc++";
				CLANG_ENABLE_MODULES = YES;
				CLANG_ENABLE_OBJC_ARC = YES;
				CLANG_ENABLE_OBJC_WEAK = YES;
				CLANG_WARN_BLOCK_CAPTURE_AUTORELEASING = YES;
				CLANG_WARN_BOOL_CONVERSION = YES;
				CLANG_WARN_COMMA = YES;
				CLANG_WARN_CONSTANT_CONVERSION = YES;
				CLANG_WARN_DEPRECATED_OBJC_IMPLEMENTATIONS = YES;
				CLANG_WARN_DIRECT_OBJC_ISA_USAGE = YES_ERROR;
				CLANG_WARN_DOCUMENTATION_COMMENTS = YES;
				CLANG_WARN_EMPTY_BODY = YES;
				CLANG_WARN_ENUM_CONVERSION = YES;
				CLANG_WARN_INFINITE_RECURSION = YES;
				CLANG_WARN_INT_CONVERSION = YES;
				CLANG_WARN_NON_LITERAL_NULL_CONVERSION = YES;
				CLANG_WARN_OBJC_IMPLICIT_RETAIN_SELF = YES;
				CLANG_WARN_OBJC_LITERAL_CONVERSION = YES;
				CLANG_WARN_OBJC_ROOT_CLASS = YES_ERROR;
				CLANG_WARN_RANGE_LOOP_ANALYSIS = YES;
				CLANG_WARN_STRICT_PROTOTYPES = YES;
				CLANG_WARN_SUSPICIOUS_MOVE = YES;
				CLANG_WARN_UNGUARDED_AVAILABILITY = YES_AGGRESSIVE;
				CLANG_WARN_UNREACHABLE_CODE = YES;
				CLANG_WARN__DUPLICATE_METHOD_MATCH = YES;
				CODE_SIGN_IDENTITY = "iPhone Developer";
				COPY_PHASE_STRIP = NO;
				DEBUG_INFORMATION_FORMAT = dwarf;
				ENABLE_STRICT_OBJC_MSGSEND = YES;
				ENABLE_TESTABILITY = YES;
				GCC_C_LANGUAGE_STANDARD = gnu11;
				GCC_DYNAMIC_NO_PIC = NO;
				GCC_NO_COMMON_BLOCKS = YES;
				GCC_OPTIMIZATION_LEVEL = 0;
				GCC_PREPROCESSOR_DEFINITIONS = (
					"DEBUG=1",
					"$(inherited)",
				);
				GCC_WARN_64_TO_32_BIT_CONVERSION = YES;
				GCC_WARN_ABOUT_RETURN_TYPE = YES_ERROR;
				GCC_WARN_UNDECLARED_SELECTOR = YES;
				GCC_WARN_UNINITIALIZED_AUTOS = YES_AGGRESSIVE;
				GCC_WARN_UNUSED_FUNCTION = YES;
				GCC_WARN_UNUSED_VARIABLE = YES;
				IPHONEOS_DEPLOYMENT_TARGET = 11.3;
				MTL_ENABLE_DEBUG_INFO = YES;
				ONLY_ACTIVE_ARCH = YES;
				SDKROOT = iphoneos;
				SWIFT_ACTIVE_COMPILATION_CONDITIONS = DEBUG;
				SWIFT_OPTIMIZATION_LEVEL = "-Onone";
			};
			name = Debug;
		};
		7E09924920B15B7D00AB7C71 /* Release */ = {
			isa = XCBuildConfiguration;
			buildSettings = {
				ALWAYS_SEARCH_USER_PATHS = NO;
				CLANG_ANALYZER_NONNULL = YES;
				CLANG_ANALYZER_NUMBER_OBJECT_CONVERSION = YES_AGGRESSIVE;
				CLANG_CXX_LANGUAGE_STANDARD = "gnu++14";
				CLANG_CXX_LIBRARY = "libc++";
				CLANG_ENABLE_MODULES = YES;
				CLANG_ENABLE_OBJC_ARC = YES;
				CLANG_ENABLE_OBJC_WEAK = YES;
				CLANG_WARN_BLOCK_CAPTURE_AUTORELEASING = YES;
				CLANG_WARN_BOOL_CONVERSION = YES;
				CLANG_WARN_COMMA = YES;
				CLANG_WARN_CONSTANT_CONVERSION = YES;
				CLANG_WARN_DEPRECATED_OBJC_IMPLEMENTATIONS = YES;
				CLANG_WARN_DIRECT_OBJC_ISA_USAGE = YES_ERROR;
				CLANG_WARN_DOCUMENTATION_COMMENTS = YES;
				CLANG_WARN_EMPTY_BODY = YES;
				CLANG_WARN_ENUM_CONVERSION = YES;
				CLANG_WARN_INFINITE_RECURSION = YES;
				CLANG_WARN_INT_CONVERSION = YES;
				CLANG_WARN_NON_LITERAL_NULL_CONVERSION = YES;
				CLANG_WARN_OBJC_IMPLICIT_RETAIN_SELF = YES;
				CLANG_WARN_OBJC_LITERAL_CONVERSION = YES;
				CLANG_WARN_OBJC_ROOT_CLASS = YES_ERROR;
				CLANG_WARN_RANGE_LOOP_ANALYSIS = YES;
				CLANG_WARN_STRICT_PROTOTYPES = YES;
				CLANG_WARN_SUSPICIOUS_MOVE = YES;
				CLANG_WARN_UNGUARDED_AVAILABILITY = YES_AGGRESSIVE;
				CLANG_WARN_UNREACHABLE_CODE = YES;
				CLANG_WARN__DUPLICATE_METHOD_MATCH = YES;
				CODE_SIGN_IDENTITY = "iPhone Developer";
				COPY_PHASE_STRIP = NO;
				DEBUG_INFORMATION_FORMAT = "dwarf-with-dsym";
				ENABLE_NS_ASSERTIONS = NO;
				ENABLE_STRICT_OBJC_MSGSEND = YES;
				GCC_C_LANGUAGE_STANDARD = gnu11;
				GCC_NO_COMMON_BLOCKS = YES;
				GCC_WARN_64_TO_32_BIT_CONVERSION = YES;
				GCC_WARN_ABOUT_RETURN_TYPE = YES_ERROR;
				GCC_WARN_UNDECLARED_SELECTOR = YES;
				GCC_WARN_UNINITIALIZED_AUTOS = YES_AGGRESSIVE;
				GCC_WARN_UNUSED_FUNCTION = YES;
				GCC_WARN_UNUSED_VARIABLE = YES;
				IPHONEOS_DEPLOYMENT_TARGET = 11.3;
				MTL_ENABLE_DEBUG_INFO = NO;
				SDKROOT = iphoneos;
				SWIFT_COMPILATION_MODE = wholemodule;
				SWIFT_OPTIMIZATION_LEVEL = "-O";
				VALIDATE_PRODUCT = YES;
			};
			name = Release;
		};
		7E09924B20B15B7D00AB7C71 /* Debug */ = {
			isa = XCBuildConfiguration;
			buildSettings = {
				ASSETCATALOG_COMPILER_APPICON_NAME = AppIcon;
				CODE_SIGN_STYLE = Automatic;
				DEVELOPMENT_TEAM = W6XUQ3PPN9;
				INFOPLIST_FILE = GlassNavigationBar/Info.plist;
				LD_RUNPATH_SEARCH_PATHS = (
					"$(inherited)",
					"@executable_path/Frameworks",
				);
				PRODUCT_BUNDLE_IDENTIFIER = com.hcn1519.GlassNavigationBar;
				PRODUCT_NAME = "$(TARGET_NAME)";
				SWIFT_VERSION = 4.0;
				TARGETED_DEVICE_FAMILY = "1,2";
			};
			name = Debug;
		};
		7E09924C20B15B7D00AB7C71 /* Release */ = {
			isa = XCBuildConfiguration;
			buildSettings = {
				ASSETCATALOG_COMPILER_APPICON_NAME = AppIcon;
				CODE_SIGN_STYLE = Automatic;
				DEVELOPMENT_TEAM = W6XUQ3PPN9;
				INFOPLIST_FILE = GlassNavigationBar/Info.plist;
				LD_RUNPATH_SEARCH_PATHS = (
					"$(inherited)",
					"@executable_path/Frameworks",
				);
				PRODUCT_BUNDLE_IDENTIFIER = com.hcn1519.GlassNavigationBar;
				PRODUCT_NAME = "$(TARGET_NAME)";
				SWIFT_VERSION = 4.0;
				TARGETED_DEVICE_FAMILY = "1,2";
			};
			name = Release;
		};
		7E09924E20B15B7D00AB7C71 /* Debug */ = {
			isa = XCBuildConfiguration;
			buildSettings = {
				ALWAYS_EMBED_SWIFT_STANDARD_LIBRARIES = YES;
				BUNDLE_LOADER = "$(TEST_HOST)";
				CODE_SIGN_STYLE = Automatic;
				DEVELOPMENT_TEAM = W6XUQ3PPN9;
				INFOPLIST_FILE = GlassNavigationBarTests/Info.plist;
				LD_RUNPATH_SEARCH_PATHS = (
					"$(inherited)",
					"@executable_path/Frameworks",
					"@loader_path/Frameworks",
				);
				PRODUCT_BUNDLE_IDENTIFIER = com.hcn1519.GlassNavigationBarTests;
				PRODUCT_NAME = "$(TARGET_NAME)";
				SWIFT_VERSION = 4.0;
				TARGETED_DEVICE_FAMILY = "1,2";
				TEST_HOST = "$(BUILT_PRODUCTS_DIR)/GlassNavigationBar.app/GlassNavigationBar";
			};
			name = Debug;
		};
		7E09924F20B15B7D00AB7C71 /* Release */ = {
			isa = XCBuildConfiguration;
			buildSettings = {
				ALWAYS_EMBED_SWIFT_STANDARD_LIBRARIES = YES;
				BUNDLE_LOADER = "$(TEST_HOST)";
				CODE_SIGN_STYLE = Automatic;
				DEVELOPMENT_TEAM = W6XUQ3PPN9;
				INFOPLIST_FILE = GlassNavigationBarTests/Info.plist;
				LD_RUNPATH_SEARCH_PATHS = (
					"$(inherited)",
					"@executable_path/Frameworks",
					"@loader_path/Frameworks",
				);
				PRODUCT_BUNDLE_IDENTIFIER = com.hcn1519.GlassNavigationBarTests;
				PRODUCT_NAME = "$(TARGET_NAME)";
				SWIFT_VERSION = 4.0;
				TARGETED_DEVICE_FAMILY = "1,2";
				TEST_HOST = "$(BUILT_PRODUCTS_DIR)/GlassNavigationBar.app/GlassNavigationBar";
			};
			name = Release;
		};
/* End XCBuildConfiguration section */

/* Begin XCConfigurationList section */
		7E09922820B15B7C00AB7C71 /* Build configuration list for PBXProject "GlassNavigationBar" */ = {
			isa = XCConfigurationList;
			buildConfigurations = (
				7E09924820B15B7D00AB7C71 /* Debug */,
				7E09924920B15B7D00AB7C71 /* Release */,
			);
			defaultConfigurationIsVisible = 0;
			defaultConfigurationName = Release;
		};
		7E09924A20B15B7D00AB7C71 /* Build configuration list for PBXNativeTarget "GlassNavigationBar" */ = {
			isa = XCConfigurationList;
			buildConfigurations = (
				7E09924B20B15B7D00AB7C71 /* Debug */,
				7E09924C20B15B7D00AB7C71 /* Release */,
			);
			defaultConfigurationIsVisible = 0;
			defaultConfigurationName = Release;
		};
		7E09924D20B15B7D00AB7C71 /* Build configuration list for PBXNativeTarget "GlassNavigationBarTests" */ = {
			isa = XCConfigurationList;
			buildConfigurations = (
				7E09924E20B15B7D00AB7C71 /* Debug */,
				7E09924F20B15B7D00AB7C71 /* Release */,
			);
			defaultConfigurationIsVisible = 0;
			defaultConfigurationName = Release;
		};
/* End XCConfigurationList section */
	};
	rootObject = 7E09922520B15B7C00AB7C71 /* Project object */;
}
